
Microsoft Visual Studio Solution File, Format Version 12.00
# Visual Studio Version 16
VisualStudioVersion = 16.0.31515.178
MinimumVisualStudioVersion = 10.0.40219.1
Project("{FAE04EC0-301F-11D3-BF4B-00C04F79EFBC}") = "EX01HelloWorld", "EX01HelloWorld\EX01HelloWorld.csproj", "{98102FF4-00B7-4203-B822-0C4EF5AF0FD6}"
EndProject
Global
	GlobalSection(SolutionConfigurationPlatforms) = preSolution
		Debug|Any CPU = Debug|Any CPU
		Release|Any CPU = Release|Any CPU
	EndGlobalSection
	GlobalSection(ProjectConfigurationPlatforms) = postSolution
		{98102FF4-00B7-4203-B822-0C4EF5AF0FD6}.Debug|Any CPU.ActiveCfg = Debug|Any CPU
		{98102FF4-00B7-4203-B822-0C4EF5AF0FD6}.Debug|Any CPU.Build.0 = Debug|Any CPU
		{98102FF4-00B7-4203-B822-0C4EF5AF0FD6}.Release|Any CPU.ActiveCfg = Release|Any CPU
		{98102FF4-00B7-4203-B822-0C4EF5AF0FD6}.Release|Any CPU.Build.0 = Release|Any CPU
	EndGlobalSection
	GlobalSection(SolutionProperties) = preSolution
		HideSolutionNode = FALSE
	EndGlobalSection
	GlobalSection(ExtensibilityGlobals) = postSolution
		SolutionGuid = {BF726A2A-56A2-4935-810C-087B22855AFA}
	EndGlobalSection
EndGlobal
